
Microsoft Visual Studio Solution File, Format Version 11.00
# Visual Studio 2010
Project("{FAE04EC0-301F-11D3-BF4B-00C04F79EFBC}") = "Animancer", "Animancer.csproj", "{0F9F8916-0727-010C-B753-FE4EBCA60EEE}"
EndProject
Project("{FAE04EC0-301F-11D3-BF4B-00C04F79EFBC}") = "Assembly-CSharp", "Assembly-CSharp.csproj", "{3D8EDC76-46DA-F849-AAD8-B0AA3B5DDE3B}"
EndProject
Global
	GlobalSection(SolutionConfigurationPlatforms) = preSolution
		Debug|Any CPU = Debug|Any CPU
		Release|Any CPU = Release|Any CPU
	EndGlobalSection
	GlobalSection(ProjectConfigurationPlatforms) = postSolution
		{0F9F8916-0727-010C-B753-FE4EBCA60EEE}.Debug|Any CPU.ActiveCfg = Debug|Any CPU
		{0F9F8916-0727-010C-B753-FE4EBCA60EEE}.Debug|Any CPU.Build.0 = Debug|Any CPU
		{0F9F8916-0727-010C-B753-FE4EBCA60EEE}.Release|Any CPU.ActiveCfg = Release|Any CPU
		{0F9F8916-0727-010C-B753-FE4EBCA60EEE}.Release|Any CPU.Build.0 = Release|Any CPU
		{3D8EDC76-46DA-F849-AAD8-B0AA3B5DDE3B}.Debug|Any CPU.ActiveCfg = Debug|Any CPU
		{3D8EDC76-46DA-F849-AAD8-B0AA3B5DDE3B}.Debug|Any CPU.Build.0 = Debug|Any CPU
		{3D8EDC76-46DA-F849-AAD8-B0AA3B5DDE3B}.Release|Any CPU.ActiveCfg = Release|Any CPU
		{3D8EDC76-46DA-F849-AAD8-B0AA3B5DDE3B}.Release|Any CPU.Build.0 = Release|Any CPU
	EndGlobalSection
	GlobalSection(SolutionProperties) = preSolution
		HideSolutionNode = FALSE
	EndGlobalSection
	GlobalSection(MonoDevelopProperties) = preSolution
		StartupItem = Assembly-CSharp.csproj
	EndGlobalSection
EndGlobal
